
Microsoft Visual Studio Solution File, Format Version 12.00
# Visual Studio Version 16
VisualStudioVersion = 16.0.29230.47
MinimumVisualStudioVersion = 10.0.40219.1
Project("{FAE04EC0-301F-11D3-BF4B-00C04F79EFBC}") = "DatabaseProject", "DatabaseProject\DatabaseProject.csproj", "{682B0677-F24C-442D-B29C-873BB71A2DF7}"
EndProject
Global
	GlobalSection(SolutionConfigurationPlatforms) = preSolution
		Debug|Any CPU = Debug|Any CPU
		Release|Any CPU = Release|Any CPU
	EndGlobalSection
	GlobalSection(ProjectConfigurationPlatforms) = postSolution
		{682B0677-F24C-442D-B29C-873BB71A2DF7}.Debug|Any CPU.ActiveCfg = Debug|Any CPU
		{682B0677-F24C-442D-B29C-873BB71A2DF7}.Debug|Any CPU.Build.0 = Debug|Any CPU
		{682B0677-F24C-442D-B29C-873BB71A2DF7}.Release|Any CPU.ActiveCfg = Release|Any CPU
		{682B0677-F24C-442D-B29C-873BB71A2DF7}.Release|Any CPU.Build.0 = Release|Any CPU
	EndGlobalSection
	GlobalSection(SolutionProperties) = preSolution
		HideSolutionNode = FALSE
	EndGlobalSection
	GlobalSection(ExtensibilityGlobals) = postSolution
		SolutionGuid = {EB7E7278-2A21-4262-9D21-270268EED7B1}
	EndGlobalSection
EndGlobal
